{
  "lockfileVersion": 1,
  "configVersion": 0,
  "workspaces": {
    "": {
      "dependencies": {
        "discord-api-types": "^0.38.53",
        "ws": "^8.20.0",
      },
      "devDependencies": {
        "@biomejs/biome": "2.4.13",
        "@types/bun": "1.3.14",
        "@types/ws": "8.18.1",
        "tsdown": "0.22.14",
      },
    },
  },
  "packages": {
    "@biomejs/biome": ["@biomejs/biome@2.4.13", "", { "optionalDependencies": { "@biomejs/cli-darwin-arm64": "2.4.13", "@biomejs/cli-darwin-x64": "2.4.13", "@biomejs/cli-linux-arm64": "2.4.13", "@biomejs/cli-linux-arm64-musl": "2.4.13", "@biomejs/cli-linux-x64": "2.4.13", "@biomejs/cli-linux-x64-musl": "2.4.13", "@biomejs/cli-win32-arm64": "2.4.13", "@biomejs/cli-win32-x64": "2.4.13" }, "bin": { "biome": "bin/biome" } }, "sha512-gLXOwkOBBg0tr7bDsqlkIh4uFeKuMjxvqsrb1Tukww1iDmHcfr4Uu8MoQxp0Rcte+69+osRNWXwHsu/zxT6XqA=="],

    "@biomejs/cli-darwin-arm64": ["@biomejs/cli-darwin-arm64@2.4.13", "", { "os": "darwin", "cpu": "arm64" }, "sha512-2KImO1jhNFBa2oWConyr0x6flxbQpGKv6902uGXpYM62Xyem8U80j441SyUJ8KyngsmKbQjeIv1q2CQfDkNnYg=="],

    "@biomejs/cli-darwin-x64": ["@biomejs/cli-darwin-x64@2.4.13", "", { "os": "darwin", "cpu": "x64" }, "sha512-BKrJklbaFN4p1Ts4kPBczo+PkbsHQg57kmJ+vON9u2t6uN5okYHaSr7h/MutPCWQgg2lglaWoSmm+zhYW+oOkg=="],

    "@biomejs/cli-linux-arm64": ["@biomejs/cli-linux-arm64@2.4.13", "", { "os": "linux", "cpu": "arm64" }, "sha512-NzkUDSqfvMBrPplKgVr3aXLHZ2NEELvvF4vZxXulEylKWIGqlvNEcwUcj9OLrn75TD3lJ/GIqCVlBwd1MZCuYQ=="],

    "@biomejs/cli-linux-arm64-musl": ["@biomejs/cli-linux-arm64-musl@2.4.13", "", { "os": "linux", "cpu": "arm64" }, "sha512-U5MsuBQW25dXaYtqWWSPM3P96H6Y+fHuja3TQpMNnylocHW0tEbtFTDlUj6oM+YJLntvEkQy4grBvQNUD4+RCg=="],

    "@biomejs/cli-linux-x64": ["@biomejs/cli-linux-x64@2.4.13", "", { "os": "linux", "cpu": "x64" }, "sha512-Az3ZZedYRBo9EQzNnD9SxFcR1G5QsGo6VEc2hIyVPZ1rdKwee/7E9oeBBZFpE8Z44ekxsDQBqbiWGW5ShOhUSQ=="],

    "@biomejs/cli-linux-x64-musl": ["@biomejs/cli-linux-x64-musl@2.4.13", "", { "os": "linux", "cpu": "x64" }, "sha512-Z601MienRgTBDza/+u2CH3RSrWoXo9rtr8NK6A4KJzqGgfxx+H3VlyLgTJ4sRo40T3pIsqpTmiOQEvYzQvBRvQ=="],

    "@biomejs/cli-win32-arm64": ["@biomejs/cli-win32-arm64@2.4.13", "", { "os": "win32", "cpu": "arm64" }, "sha512-Px9PS2B5/Q183bUwy/5VHqp3J2lzdOCeVGzMpphYfl8oSa7VDCqenBdqWpy6DCy/en4Rbf/Y1RieZF6dJPcc9A=="],

    "@biomejs/cli-win32-x64": ["@biomejs/cli-win32-x64@2.4.13", "", { "os": "win32", "cpu": "x64" }, "sha512-tTcMkXyBrmHi9BfrD2VNHs/5rYIUKETqsBlYOvSAABwBkJhSDVb5e7wPukftsQbO3WzQkXe6kaztC6WtUOXSoQ=="],

    "@oxc-project/types": ["@oxc-project/types@0.144.0", "", {}, "sha512-nuhZIOLuI6TFQ32I/WnUx+SCPY7SdSKwgnFHydAuoS1+Z4BRcaP+RRJmGzl9lw+0OFF7UmaESf7KQRXaNLHypg=="],

    "@quansync/fs": ["@quansync/fs@1.0.0", "", { "dependencies": { "quansync": "^1.0.0" } }, "sha512-4TJ3DFtlf1L5LDMaM6CanJ/0lckGNtJcMjQ1NAV6zDmA0tEHKZtxNKin8EgPaVX1YzljbxckyT2tJrpQKAtngQ=="],

    "@rolldown/binding-android-arm64": ["@rolldown/binding-android-arm64@1.2.4", "", { "os": "android", "cpu": "arm64" }, "sha512-jHC2cnyKz5xU2fhECtFl8OZ83cYNt13GZQD+0uMJ/X3o+ijmd56okHhTUwxVSHPx1IRVIJEZ1/1pPzeLCU6XKA=="],

    "@rolldown/binding-darwin-arm64": ["@rolldown/binding-darwin-arm64@1.2.4", "", { "os": "darwin", "cpu": "arm64" }, "sha512-Dc5mPD8F5F/FS8i01syd7FTF6yB2fVthH/TRkjwJkzUK6EpoxHtqvZQP5Zwq80/5z19TWYHIg1KOHboCgVx/aQ=="],

    "@rolldown/binding-darwin-x64": ["@rolldown/binding-darwin-x64@1.2.4", "", { "os": "darwin", "cpu": "x64" }, "sha512-fpDm4oBo6SqLvWUYCmFhdde3U9KH2fRNNMeAnAPAIwxRL345xutL0EtEUcuoxsoazdJGv/MuDBQHlCDrtbvqOg=="],

    "@rolldown/binding-freebsd-x64": ["@rolldown/binding-freebsd-x64@1.2.4", "", { "os": "freebsd", "cpu": "x64" }, "sha512-rSJoreDE/HoIzoaib6MTp5jQtCTdMHKIvItAKT/ImS6Y6Ww76oUaeMyp4Vc/fAgd/ehji068IxetHXAnqUwN9A=="],

    "@rolldown/binding-linux-arm-gnueabihf": ["@rolldown/binding-linux-arm-gnueabihf@1.2.4", "", { "os": "linux", "cpu": "arm" }, "sha512-/jm8OGHgn7oGaJu3i/qZI9spUGcJ+y/lk43ttQ/iO1tOd9NissG6o97bighBCiL+BKRngmcDuR6ikfwYdJmVuQ=="],

    "@rolldown/binding-linux-arm64-gnu": ["@rolldown/binding-linux-arm64-gnu@1.2.4", "", { "os": "linux", "cpu": "arm64" }, "sha512-tIP06BeD9EqvECBrPZ+sqdPlYrT+aYaAiu1wYziVx5elRK/ftm33JxVDy2bXGbr6J0CrtirCkR87/X5a2euEng=="],

    "@rolldown/binding-linux-arm64-musl": ["@rolldown/binding-linux-arm64-musl@1.2.4", "", { "os": "linux", "cpu": "arm64" }, "sha512-Ql1Q0EQqVThvn9VAVlwNzsUvbSFtCMGjLpRRi4pk5i7NZZ4n5ISiLMjHYtus4VQ2PvkSw24zyaCVsiS+sXPj1w=="],

    "@rolldown/binding-linux-ppc64-gnu": ["@rolldown/binding-linux-ppc64-gnu@1.2.4", "", { "os": "linux", "cpu": "ppc64" }, "sha512-GjbjXD4XXfN19D0LZNbmiCBUoDiRACsYHr0yaIbbn8aFsXjHZifcYqu/W5Er5X2X990WjHXFrxarn5chzItorQ=="],

    "@rolldown/binding-linux-s390x-gnu": ["@rolldown/binding-linux-s390x-gnu@1.2.4", "", { "os": "linux", "cpu": "s390x" }, "sha512-p5WR0NOwaRmJ/B1b6IjEFLLivwEsf3PrdBIhRbhTCQisbo2SvHHpG4ELB/+FgQNnB88LTOF86upmJmbvZdQ2lw=="],

    "@rolldown/binding-linux-x64-gnu": ["@rolldown/binding-linux-x64-gnu@1.2.4", "", { "os": "linux", "cpu": "x64" }, "sha512-4/GyVjmhR+Tc6HLJvwc1sOhPqAZtySiSMesOZyX6JQ5XBxoTDEMKQzvo07NIK6nTon/SivlZqvhzvuVBNQhObQ=="],

    "@rolldown/binding-linux-x64-musl": ["@rolldown/binding-linux-x64-musl@1.2.4", "", { "os": "linux", "cpu": "x64" }, "sha512-l9eeLsCNvPpmSXUej0etw/J1eqV0Jj1D5G/xG6YTijmE6dkv6E2QezgWbTfQk63v952DPqrjOCoiqxq7Bw0YUQ=="],

    "@rolldown/binding-openharmony-arm64": ["@rolldown/binding-openharmony-arm64@1.2.4", "", { "os": "none", "cpu": "arm64" }, "sha512-e0F355MSTMm3+UOqtV3L24gFUp2N5m1f8L/7d56deik6va+AXdrt9F8LbzGpeWGWRbZEDq4m8NVnJDeBtf9DZg=="],

    "@rolldown/binding-win32-arm64-msvc": ["@rolldown/binding-win32-arm64-msvc@1.2.4", "", { "os": "win32", "cpu": "arm64" }, "sha512-AWLi0uBRYh6QlE7OKhiz+phZC0qwtij2QZmhmOdsLdFn64m7oMpooE9ICE3lhm9xMb4SpDo2WbHcxX1iFLFtqw=="],

    "@rolldown/binding-win32-x64-msvc": ["@rolldown/binding-win32-x64-msvc@1.2.4", "", { "os": "win32", "cpu": "x64" }, "sha512-UwSDJOg3dqCAejWdxclJjCsh3Qq4vLYMDxmyHqo1btz3stK2VqgwNd3mm5tuIwzSlGIQ/1H9Hr+Zn09mrezNqQ=="],

    "@rolldown/pluginutils": ["@rolldown/pluginutils@1.0.1", "", {}, "sha512-2j9bGt5Jh8hj+vPtgzPtl72j0yRxHAyumoo6TNfAjsLB04UtpSvPbPcDcBMxz7n+9CYB0c1GxQFxYRg2jimqGw=="],

    "@types/bun": ["@types/bun@1.3.14", "", { "dependencies": { "bun-types": "1.3.14" } }, "sha512-h1hFqFVcvAvD9j9K7ZW7vd82aSA+rTdznZa+5bwvCwqSB1jmmfLcbIWhOLx1/+boy/xmjgCs/OMUL8hRJSmnPw=="],

    "@types/node": ["@types/node@22.14.0", "", { "dependencies": { "undici-types": "~6.21.0" } }, "sha512-Kmpl+z84ILoG+3T/zQFyAJsU6EPTmOCj8/2+83fSN6djd6I4o7uOuGIH6vq3PrjY5BGitSbFuMN18j3iknubbA=="],

    "@types/ws": ["@types/ws@8.18.1", "", { "dependencies": { "@types/node": "*" } }, "sha512-ThVF6DCVhA8kUGy+aazFQ4kXQ7E1Ty7A3ypFOe0IcJV8O/M511G99AW24irKrW56Wt44yG9+ij8FaqoBGkuBXg=="],

    "@yuku-codegen/binding-android-arm64": ["@yuku-codegen/binding-android-arm64@0.8.7", "", { "os": "android", "cpu": "arm64" }, "sha512-C/0zV5IhgVdYhGJTwrY0v8dknxlhiKwtVJkMUaexu9/QvRmzlV4vfU3hZlUSgqc2BxQHntL1mCVbDq8j0FRFDw=="],

    "@yuku-codegen/binding-darwin-arm64": ["@yuku-codegen/binding-darwin-arm64@0.8.7", "", { "os": "darwin", "cpu": "arm64" }, "sha512-/u+REDMI4a0/lsJXTM4c53/w31OGZLOReZIyg62uhgLs0kc8NHsj/nOcxTdlQjq5gi0zhdkccD9LaLTXcdzPvw=="],

    "@yuku-codegen/binding-darwin-x64": ["@yuku-codegen/binding-darwin-x64@0.8.7", "", { "os": "darwin", "cpu": "x64" }, "sha512-sMMzFOwCo4WXR+/6zIBThOocSC50iIIZZdfiIDbaLvj0Ax/rWt/iavyfEAqajyvzydLyCqR/ZItdLWSRlu1umw=="],

    "@yuku-codegen/binding-freebsd-x64": ["@yuku-codegen/binding-freebsd-x64@0.8.7", "", { "os": "freebsd", "cpu": "x64" }, "sha512-MpdpKXix9P+Y1rKgjvcNeNtGjXeL1CmttNhYINrWls8kRpm4xM/oBGTmn6w7to8lAlwj5jm8q03dQPl5mRv4Qw=="],

    "@yuku-codegen/binding-linux-arm-gnu": ["@yuku-codegen/binding-linux-arm-gnu@0.8.7", "", { "os": "linux", "cpu": "arm" }, "sha512-rr1srFLlPAmC1vtxfc9C1YLDe3iH09YjfSeeIidBqKhzx1MATjOAq4mjlRUOnhr/L27MotWIYOFKwVsd5JZFOg=="],

    "@yuku-codegen/binding-linux-arm-musl": ["@yuku-codegen/binding-linux-arm-musl@0.8.7", "", { "os": "linux", "cpu": "arm" }, "sha512-eAufXh8qBRpiSO6ueaMDL+yyoXIGLhpUce72YbcACtZU2qhExwBIJyEtQf5kH2Ki0X2aqkSjSfog4OPtKXan3Q=="],

    "@yuku-codegen/binding-linux-arm64-gnu": ["@yuku-codegen/binding-linux-arm64-gnu@0.8.7", "", { "os": "linux", "cpu": "arm64" }, "sha512-gw4w6wPoHObBrdIC4duVWLmJOvpdE25j5D7yrM5mACNlK4klRz/lv8hK+ssQk9EJHBgZjSaqZIJVFgqNYbfv7A=="],

    "@yuku-codegen/binding-linux-arm64-musl": ["@yuku-codegen/binding-linux-arm64-musl@0.8.7", "", { "os": "linux", "cpu": "arm64" }, "sha512-L68N6Y4XkqcIaKo3Ra88JEvBEH4AHff44A4INcrxeVWZ8CZtu2tCpfVxe3hR8qQQMcvBSQlDn24KpkCKEhVvfA=="],

    "@yuku-codegen/binding-linux-x64-gnu": ["@yuku-codegen/binding-linux-x64-gnu@0.8.7", "", { "os": "linux", "cpu": "x64" }, "sha512-dzyAbltJmf3Cqlb8HcFuYIf5Yn0fl1vTr3XJ9HiVNNvOlhqPSArOqtw9vI1p6/VTXTjrMLXlU+s+/kNHiIy/Cw=="],

    "@yuku-codegen/binding-linux-x64-musl": ["@yuku-codegen/binding-linux-x64-musl@0.8.7", "", { "os": "linux", "cpu": "x64" }, "sha512-Otw4MH3404q0Bbvl+YTdW9aoUV5vXmUw8260bWvt1XlaoIX/ceSgI4ygheRDMfBPoHt6FDayQaO9OLVUZAgkFA=="],

    "@yuku-codegen/binding-win32-arm64": ["@yuku-codegen/binding-win32-arm64@0.8.7", "", { "os": "win32", "cpu": "arm64" }, "sha512-qo/jyrzryiBuKEsFiuWaBCBe3tRMynQ0qFWFgOEjcCMQeZfBm+wKiVEUEFXXLc7bh8YezguAWp0Mtnhq4ARNyA=="],

    "@yuku-codegen/binding-win32-x64": ["@yuku-codegen/binding-win32-x64@0.8.7", "", { "os": "win32", "cpu": "x64" }, "sha512-D5lDsVDx6m00E6bWySlWdH72Ca4TPSaphDqB6QjU6MpuNLIJqoGoatYyq2rOmBE8Zv/kunot/o58KGL03P3eiA=="],

    "@yuku-parser/binding-android-arm64": ["@yuku-parser/binding-android-arm64@0.8.7", "", { "os": "android", "cpu": "arm64" }, "sha512-eGKYiUDX7Y0V7tDTmg+JTVnXnjMqfXXsorZ+EDf5kxwchQ3Or1HS14MzI2fw+jFhHR85fCWt+mtX33Yao73hIQ=="],

    "@yuku-parser/binding-darwin-arm64": ["@yuku-parser/binding-darwin-arm64@0.8.7", "", { "os": "darwin", "cpu": "arm64" }, "sha512-Re0RHelKLnjEURulY2/KxW+Ngb8zuNA4BRZuMwgGQNzVumT6u4U2N2hc01oeYVNVof0i7GrXE4UCNBgbpRRnjQ=="],

    "@yuku-parser/binding-darwin-x64": ["@yuku-parser/binding-darwin-x64@0.8.7", "", { "os": "darwin", "cpu": "x64" }, "sha512-Hn8DROtQkjlA1ACbPgj4a7eP9IuVOI504oiTwpkWPbpaDWD9KdmnVYCqW+1LfenNK/g7O9NhWGpXEdaCNX7lIA=="],

    "@yuku-parser/binding-freebsd-x64": ["@yuku-parser/binding-freebsd-x64@0.8.7", "", { "os": "freebsd", "cpu": "x64" }, "sha512-bAP2OV8wRuzplX/jYxv9+vvqQT8JxyNphI8fLfXGL054Xs+4/J5u33cIm3y4rxY8rdoLmmdiJs2Tq7r7lrDRfA=="],

    "@yuku-parser/binding-linux-arm-gnu": ["@yuku-parser/binding-linux-arm-gnu@0.8.7", "", { "os": "linux", "cpu": "arm" }, "sha512-kTYwJQQgmZeAWdDIWabiReIZMpmfLueIj1tCmjStUtFGhR1Z0qwxonKVfUC4N7h/VhGGzLZ//7O1kgt1QKqgCg=="],

    "@yuku-parser/binding-linux-arm-musl": ["@yuku-parser/binding-linux-arm-musl@0.8.7", "", { "os": "linux", "cpu": "arm" }, "sha512-uL4jE8HPT2BLlxAXyD10LqgPuXa9eDa0BKpCdSANmzIJghq/2eZo3/gQNtaxPZMupWoxjYzSad9IXrwu7aYPXQ=="],

    "@yuku-parser/binding-linux-arm64-gnu": ["@yuku-parser/binding-linux-arm64-gnu@0.8.7", "", { "os": "linux", "cpu": "arm64" }, "sha512-3gVN4pWSKZmXiNX7cU164dR9MPvesCHnlH6nPfpK+yQsCuYphjKKplcb4SnZBrhiqmXbgb2HR0c2TS0IZUPhgA=="],

    "@yuku-parser/binding-linux-arm64-musl": ["@yuku-parser/binding-linux-arm64-musl@0.8.7", "", { "os": "linux", "cpu": "arm64" }, "sha512-S0mwfEjoLpxzXeZw802Wa4RaELsQiPtWqG6INcy8j4GtvNFtl4LCX3eGO1XLn9pyLAISLzTRyU3zUCBUPin8lg=="],

    "@yuku-parser/binding-linux-x64-gnu": ["@yuku-parser/binding-linux-x64-gnu@0.8.7", "", { "os": "linux", "cpu": "x64" }, "sha512-lnbWdPmerE5D1uH1G4IEZKnPzCrWCStRGrtgpSIe1RibAo5bZIjDbbbPYXmMHCEh4F+x/JaJpElh26a3r+BPbg=="],

    "@yuku-parser/binding-linux-x64-musl": ["@yuku-parser/binding-linux-x64-musl@0.8.7", "", { "os": "linux", "cpu": "x64" }, "sha512-769uwndMvMzUvATWbAcEvyLHKA+DzhHSCl/obBUrRdYfRo26yxui6S8y3z7uJ+Naup7UKrDxrpK7OnQkxkl9KQ=="],

    "@yuku-parser/binding-win32-arm64": ["@yuku-parser/binding-win32-arm64@0.8.7", "", { "os": "win32", "cpu": "arm64" }, "sha512-mEB/9PlaAkisJ6KWGz0zvywXoU6+80dTlR2LwS7s/jcXXoU6fm2+sitBZXtqu3+Q4DcDgPxM45uWMCzPs0TSRw=="],

    "@yuku-parser/binding-win32-x64": ["@yuku-parser/binding-win32-x64@0.8.7", "", { "os": "win32", "cpu": "x64" }, "sha512-8vNB2DP0ou61nGb8tc/qfi41gfyDXz1MHr2zqL3nR+cJ6CEbiuWV/l/a/vv151gCgiZLLAyGkQGENpozdg716w=="],

    "@yuku-toolchain/types": ["@yuku-toolchain/types@0.8.7", "", {}, "sha512-2Z53dNxAJL6UvFoIrDZvYf3zlO8s4VJK4O2hhaB4mXVwwpX/7ajtss3cmfqKvamlNLWyt9FSWs4eoYdlbxpnHA=="],

    "ansis": ["ansis@4.3.1", "", {}, "sha512-BJ8/l4R5LRE7hW9WdSuGYrLSHi2ynxeFpDFbH0K/CgNeY/tyhk+vO6TYxXC5r5CpUhNVX310xzPsN/H9lCdfOA=="],

    "bun-types": ["bun-types@1.3.14", "", { "dependencies": { "@types/node": "*" } }, "sha512-4N0ig0fEomHt5R0KCFWjovxow98rIoRwKolrYdCcknNwMekCXRnWEUvgu5soYV8QXtVsrUD8B95MBOZGPvr6KQ=="],

    "cac": ["cac@7.0.0", "", {}, "sha512-tixWYgm5ZoOD+3g6UTea91eow5z6AAHaho3g0V9CNSNb45gM8SmflpAc+GRd1InC4AqN/07Unrgp56Y94N9hJQ=="],

    "defu": ["defu@6.1.7", "", {}, "sha512-7z22QmUWiQ/2d0KkdYmANbRUVABpZ9SNYyH5vx6PZ+nE5bcC0l7uFvEfHlyld/HcGBFTL536ClDt3DEcSlEJAQ=="],

    "discord-api-types": ["discord-api-types@0.38.53", "", {}, "sha512-HL1zz/UuZ+bbJjA/X8Kbxx9gk8v9rJAbTeWRNYKmIdjwJ7EovjlHgoJTxcLpATfNJ+AonOtMdy3Y5MVIJAAd/A=="],

    "dts-resolver": ["dts-resolver@3.0.0", "", { "peerDependencies": { "oxc-resolver": ">=11.0.0" }, "optionalPeers": ["oxc-resolver"] }, "sha512-1T1f+z+4tl9XD+m+0HBgWoL/nm0bOIffyWaUuUSBlFg/86IWvfx+wjNaO/ybU0AJzG9/Mi5hBUgGV6zCmWEN7Q=="],

    "empathic": ["empathic@2.0.1", "", {}, "sha512-YGRs8knHhKHVShLkFET/rWAU8kmHbOV5LwN938RHI0pljAJ1Gf6SzXsSmRaEzcXTtOOmVqJ5+WtQPL5uigY50Q=="],

    "fdir": ["fdir@6.5.0", "", { "peerDependencies": { "picomatch": "^3 || ^4" }, "optionalPeers": ["picomatch"] }, "sha512-tIbYtZbucOs0BRGqPJkshJUYdL+SDH7dVM8gjy+ERp3WAUjLEFJE+02kanyHtwjWOnwrKYBiwAmM0p4kLJAnXg=="],

    "get-tsconfig": ["get-tsconfig@5.0.0-beta.5", "", { "dependencies": { "resolve-pkg-maps": "^1.0.0" } }, "sha512-/6gFNr0N04nob252sTQxyFLi3eKFRqIg1I87YcqAMT1i6SQrSF6KujUEQrtrjMV0H/eejTCltLdDSTEMzHbnsQ=="],

    "hookable": ["hookable@6.1.1", "", {}, "sha512-U9LYDy1CwhMCnprUfeAZWZGByVbhd54hwepegYTK7Pi5NvqEj63ifz5z+xukznehT7i6NIZRu89Ay1AZmRsLEQ=="],

    "import-without-cache": ["import-without-cache@0.4.0", "", {}, "sha512-NkJQA7oZ4YHQhd2+H3BoRFKF3d/XNsiKpHZCQEMH9pDX27hQQLsTyOocyRgaIVtf8gHX3Nt3LPkR4e5EdtPAGQ=="],

    "obug": ["obug@2.1.4", "", {}, "sha512-4a+OsYv9UktOJKE+l1A4OufDgdRF9PifWj+tJnHURo/P+WOxpG4GzUFL9qCalmWauao6ogiG+QvnCovwPoyAWA=="],

    "picomatch": ["picomatch@4.0.5", "", {}, "sha512-RvwwcruNjI1ncT5xRakeyS9Lf8lcItv34KD+aif+VH9kduAyfYBipGh12274xtenIPZ119/R9BdTBa8gAwSh0A=="],

    "quansync": ["quansync@1.0.0", "", {}, "sha512-5xZacEEufv3HSTPQuchrvV6soaiACMFnq1H8wkVioctoH3TRha9Sz66lOxRwPK/qZj7HPiSveih9yAyh98gvqA=="],

    "resolve-pkg-maps": ["resolve-pkg-maps@1.0.0", "", {}, "sha512-seS2Tj26TBVOC2NIc2rOe2y2ZO7efxITtLZcGSOnHHNOQ7CkiUBfw0Iw2ck6xkIhPwLhKNLS8BO+hEpngQlqzw=="],

    "rolldown": ["rolldown@1.2.4", "", { "dependencies": { "@oxc-project/types": "=0.144.0", "@rolldown/pluginutils": "^1.0.0" }, "optionalDependencies": { "@rolldown/binding-android-arm64": "1.2.4", "@rolldown/binding-darwin-arm64": "1.2.4", "@rolldown/binding-darwin-x64": "1.2.4", "@rolldown/binding-freebsd-x64": "1.2.4", "@rolldown/binding-linux-arm-gnueabihf": "1.2.4", "@rolldown/binding-linux-arm64-gnu": "1.2.4", "@rolldown/binding-linux-arm64-musl": "1.2.4", "@rolldown/binding-linux-ppc64-gnu": "1.2.4", "@rolldown/binding-linux-s390x-gnu": "1.2.4", "@rolldown/binding-linux-x64-gnu": "1.2.4", "@rolldown/binding-linux-x64-musl": "1.2.4", "@rolldown/binding-openharmony-arm64": "1.2.4", "@rolldown/binding-win32-arm64-msvc": "1.2.4", "@rolldown/binding-win32-x64-msvc": "1.2.4" }, "bin": { "rolldown": "./bin/cli.mjs" } }, "sha512-rSr7irW0K7QRWzjdJXqZowkcRdDtjRduh43rBltnVKd0VFq839l1lJoDvGJb6gl7+4rTTCrPWu+YfujUL8Ug7w=="],

    "rolldown-plugin-dts": ["rolldown-plugin-dts@0.27.14", "", { "dependencies": { "dts-resolver": "^3.0.0", "get-tsconfig": "5.0.0-beta.5", "obug": "^2.1.4", "yuku-ast": "^0.8.0", "yuku-codegen": "^0.8.0", "yuku-parser": "^0.8.0" }, "peerDependencies": { "@typescript/native-preview": "*", "@volar/typescript": "~2.4.0", "rolldown": "^1.0.0", "typescript": "^5.0.0 || ^6.0.0 || ~7.0.0", "vue-tsc": "~3.2.0 || ~3.3.0" }, "optionalPeers": ["@typescript/native-preview", "@volar/typescript", "typescript", "vue-tsc"] }, "sha512-ZvuDDwoIpRK9RPxDXratCpklFO9QZZWndf/sd0VBFb4LEj0jj07UcHK9OCh7V4XiFz2Z89ziyBC2K6tJiDjrbw=="],

    "tinyexec": ["tinyexec@1.3.0", "", {}, "sha512-QKAl9m8gWWGHV8jZcPeym6j+XULi6tOf1mT83WYJ4Lk2ytW/uwAWkrP0uFsdoYMdueVJ0qs26wZ+23xeB4ibNQ=="],

    "tinyglobby": ["tinyglobby@0.2.17", "", { "dependencies": { "fdir": "^6.5.0", "picomatch": "^4.0.4" } }, "sha512-wXR/dYpcqKmfWpEdZjiKJOwCNFndD0DMnrW/cYjVGttEkBfVgcLFHoNrlj47mjOVic9yyNu65alsgF4NQyTa2g=="],

    "tree-kill": ["tree-kill@1.2.2", "", { "bin": { "tree-kill": "cli.js" } }, "sha512-L0Orpi8qGpRG//Nd+H90vFB+3iHnue1zSSGmNOOCh1GLJ7rUKVwV2HvijphGQS2UmhUZewS9VgvxYIdgr+fG1A=="],

    "tsdown": ["tsdown@0.22.14", "", { "dependencies": { "ansis": "^4.3.1", "cac": "^7.0.0", "defu": "^6.1.7", "empathic": "^2.0.1", "hookable": "^6.1.1", "import-without-cache": "^0.4.0", "obug": "^2.1.4", "picomatch": "^4.0.5", "rolldown": "~1.2.0", "rolldown-plugin-dts": "^0.27.13", "tinyexec": "^1.2.4", "tinyglobby": "^0.2.17", "tree-kill": "^1.2.2", "unconfig-core": "^7.5.0", "verkit": "^0.3.0" }, "peerDependencies": { "@arethetypeswrong/core": "^0.18.1", "@tsdown/css": "0.22.14", "@tsdown/exe": "0.22.14", "@vitejs/devtools": "*", "publint": "^0.3.8", "tsx": "*", "typescript": "^5.0.0 || ^6.0.0 || ^7.0.0", "unplugin-unused": "^0.5.0", "unrun": "*" }, "optionalPeers": ["@arethetypeswrong/core", "@tsdown/css", "@tsdown/exe", "@vitejs/devtools", "publint", "tsx", "typescript", "unplugin-unused", "unrun"], "bin": { "tsdown": "./dist/run.mjs" } }, "sha512-ule7Y+fsAN2iZbLDoo7C4KYljFJNJJ+fLshyn+9gozeTspVersWHxwdGB+Dm2hzA38s6muFnUTl0jK3vJm9ifQ=="],

    "unconfig-core": ["unconfig-core@7.5.0", "", { "dependencies": { "@quansync/fs": "^1.0.0", "quansync": "^1.0.0" } }, "sha512-Su3FauozOGP44ZmKdHy2oE6LPjk51M/TRRjHv2HNCWiDvfvCoxC2lno6jevMA91MYAdCdwP05QnWdWpSbncX/w=="],

    "undici-types": ["undici-types@6.21.0", "", {}, "sha512-iwDZqg0QAGrg9Rav5H4n0M64c3mkR59cJ6wQp+7C4nI0gsmExaedaYLNO44eT4AtBBwjbTiGPMlt2Md0T9H9JQ=="],

    "verkit": ["verkit@0.3.2", "", {}, "sha512-zj/ob3UsvJGN0whEAKFp53REA5X66hvffVqoCtVQAakJKnKlH+/PcOfMoFwIG/o4rElqLv/ycAFlx8ZlXUorCg=="],

    "ws": ["ws@8.20.0", "", { "peerDependencies": { "bufferutil": "^4.0.1", "utf-8-validate": ">=5.0.2" }, "optionalPeers": ["bufferutil", "utf-8-validate"] }, "sha512-sAt8BhgNbzCtgGbt2OxmpuryO63ZoDk/sqaB/znQm94T4fCEsy/yV+7CdC1kJhOU9lboAEU7R3kquuycDoibVA=="],

    "yuku-ast": ["yuku-ast@0.8.7", "", { "dependencies": { "@yuku-toolchain/types": "^0.8.7" } }, "sha512-h6+4bDfyootiMB9vckk5uKo5r5j0GHrkr17FQTDNfEsFT3DWlN9uu1HJwQwc64pgmLCI945fWM3lbTIqxjT3GQ=="],

    "yuku-codegen": ["yuku-codegen@0.8.7", "", { "dependencies": { "@yuku-toolchain/types": "^0.8.7" }, "optionalDependencies": { "@yuku-codegen/binding-android-arm64": "0.8.7", "@yuku-codegen/binding-darwin-arm64": "0.8.7", "@yuku-codegen/binding-darwin-x64": "0.8.7", "@yuku-codegen/binding-freebsd-x64": "0.8.7", "@yuku-codegen/binding-linux-arm-gnu": "0.8.7", "@yuku-codegen/binding-linux-arm-musl": "0.8.7", "@yuku-codegen/binding-linux-arm64-gnu": "0.8.7", "@yuku-codegen/binding-linux-arm64-musl": "0.8.7", "@yuku-codegen/binding-linux-x64-gnu": "0.8.7", "@yuku-codegen/binding-linux-x64-musl": "0.8.7", "@yuku-codegen/binding-win32-arm64": "0.8.7", "@yuku-codegen/binding-win32-x64": "0.8.7" } }, "sha512-adwDZSh8oVDzhE6Du9PwVWxcOxeV0e2EVhUuMKWfhSY4wkrDq9eqixlxFF3l/XGUV1E7UFzhpz9393MUumkyNw=="],

    "yuku-parser": ["yuku-parser@0.8.7", "", { "dependencies": { "@yuku-toolchain/types": "^0.8.7", "yuku-ast": "^0.8.7" }, "optionalDependencies": { "@yuku-parser/binding-android-arm64": "0.8.7", "@yuku-parser/binding-darwin-arm64": "0.8.7", "@yuku-parser/binding-darwin-x64": "0.8.7", "@yuku-parser/binding-freebsd-x64": "0.8.7", "@yuku-parser/binding-linux-arm-gnu": "0.8.7", "@yuku-parser/binding-linux-arm-musl": "0.8.7", "@yuku-parser/binding-linux-arm64-gnu": "0.8.7", "@yuku-parser/binding-linux-arm64-musl": "0.8.7", "@yuku-parser/binding-linux-x64-gnu": "0.8.7", "@yuku-parser/binding-linux-x64-musl": "0.8.7", "@yuku-parser/binding-win32-arm64": "0.8.7", "@yuku-parser/binding-win32-x64": "0.8.7" } }, "sha512-vRD9nwt4L3aYpxNqeSC4WqLv58xrXef0Ong1Mc45CTXTIpvLafx7JO05sczmQZwdLEZvywrLOGdNC5+Rp5N1BQ=="],
  }
}
